
Microsoft Visual Studio Solution File, Format Version 12.00
# Visual Studio Version 17
VisualStudioVersion = 17.4.33403.182
MinimumVisualStudioVersion = 10.0.40219.1
Project("{FAE04EC0-301F-11D3-BF4B-00C04F79EFBC}") = "ShoppingStore_DlloSa", "ShoppingStore_DlloSa.csproj", "{89D85634-4C4B-4C23-876E-F526848094FD}"
EndProject
Global
	GlobalSection(SolutionConfigurationPlatforms) = preSolution
		Debug|Any CPU = Debug|Any CPU
		Release|Any CPU = Release|Any CPU
	EndGlobalSection
	GlobalSection(ProjectConfigurationPlatforms) = postSolution
		{89D85634-4C4B-4C23-876E-F526848094FD}.Debug|Any CPU.ActiveCfg = Debug|Any CPU
		{89D85634-4C4B-4C23-876E-F526848094FD}.Debug|Any CPU.Build.0 = Debug|Any CPU
		{89D85634-4C4B-4C23-876E-F526848094FD}.Release|Any CPU.ActiveCfg = Release|Any CPU
		{89D85634-4C4B-4C23-876E-F526848094FD}.Release|Any CPU.Build.0 = Release|Any CPU
	EndGlobalSection
	GlobalSection(SolutionProperties) = preSolution
		HideSolutionNode = FALSE
	EndGlobalSection
	GlobalSection(ExtensibilityGlobals) = postSolution
		SolutionGuid = {0D797BD4-D1B2-4D81-80E1-425B734B6AD9}
	EndGlobalSection
EndGlobal
